
Microsoft Visual Studio Solution File, Format Version 12.00
# Visual Studio 2013
VisualStudioVersion = 12.0.21005.1
MinimumVisualStudioVersion = 10.0.40219.1
Project("{FAE04EC0-301F-11D3-BF4B-00C04F79EFBC}") = "VD5", "VD5\VD5.csproj", "{2A171237-A4D8-4747-9FB2-08695818F287}"
EndProject
Project("{FAE04EC0-301F-11D3-BF4B-00C04F79EFBC}") = "DataAccess", "DataAccess\DataAccess.csproj", "{32B6F973-177B-4C2D-B823-98458F616CA4}"
EndProject
Project("{FAE04EC0-301F-11D3-BF4B-00C04F79EFBC}") = "DatabaseLib", "DatabaseLib\DatabaseLib.csproj", "{362E4768-A917-4A02-9232-B899B0635312}"
EndProject
Global
	GlobalSection(SolutionConfigurationPlatforms) = preSolution
		Debug|Any CPU = Debug|Any CPU
		Release|Any CPU = Release|Any CPU
	EndGlobalSection
	GlobalSection(ProjectConfigurationPlatforms) = postSolution
		{2A171237-A4D8-4747-9FB2-08695818F287}.Debug|Any CPU.ActiveCfg = Debug|Any CPU
		{2A171237-A4D8-4747-9FB2-08695818F287}.Debug|Any CPU.Build.0 = Debug|Any CPU
		{2A171237-A4D8-4747-9FB2-08695818F287}.Release|Any CPU.ActiveCfg = Release|Any CPU
		{2A171237-A4D8-4747-9FB2-08695818F287}.Release|Any CPU.Build.0 = Release|Any CPU
		{32B6F973-177B-4C2D-B823-98458F616CA4}.Debug|Any CPU.ActiveCfg = Debug|Any CPU
		{32B6F973-177B-4C2D-B823-98458F616CA4}.Debug|Any CPU.Build.0 = Debug|Any CPU
		{32B6F973-177B-4C2D-B823-98458F616CA4}.Release|Any CPU.ActiveCfg = Release|Any CPU
		{32B6F973-177B-4C2D-B823-98458F616CA4}.Release|Any CPU.Build.0 = Release|Any CPU
		{362E4768-A917-4A02-9232-B899B0635312}.Debug|Any CPU.ActiveCfg = Debug|Any CPU
		{362E4768-A917-4A02-9232-B899B0635312}.Debug|Any CPU.Build.0 = Debug|Any CPU
		{362E4768-A917-4A02-9232-B899B0635312}.Release|Any CPU.ActiveCfg = Release|Any CPU
		{362E4768-A917-4A02-9232-B899B0635312}.Release|Any CPU.Build.0 = Release|Any CPU
	EndGlobalSection
	GlobalSection(SolutionProperties) = preSolution
		HideSolutionNode = FALSE
	EndGlobalSection
EndGlobal
